// !$*UTF8*$!
{
	archiveVersion = 1;
	classes = {
	};
	objectVersion = 46;
	objects = {

/* Begin PBXBuildFile section */
		200C548A1F0A44B4006F0FC8 /* AppDelegate.swift in Sources */ = {isa = PBXBuildFile; fileRef = 200C54891F0A44B4006F0FC8 /* AppDelegate.swift */; };
		200C548F1F0A44B4006F0FC8 /* Main.storyboard in Resources */ = {isa = PBXBuildFile; fileRef = 200C548D1F0A44B4006F0FC8 /* Main.storyboard */; };
		200C54921F0A44B4006F0FC8 /* LoveTravel.xcdatamodeld in Sources */ = {isa = PBXBuildFile; fileRef = 200C54901F0A44B4006F0FC8 /* LoveTravel.xcdatamodeld */; };
		200C54941F0A44B4006F0FC8 /* Assets.xcassets in Resources */ = {isa = PBXBuildFile; fileRef = 200C54931F0A44B4006F0FC8 /* Assets.xcassets */; };
		200C54971F0A44B4006F0FC8 /* LaunchScreen.storyboard in Resources */ = {isa = PBXBuildFile; fileRef = 200C54951F0A44B4006F0FC8 /* LaunchScreen.storyboard */; };
		200C54A91F0A45D8006F0FC8 /* MainViewController.swift in Sources */ = {isa = PBXBuildFile; fileRef = 200C54A81F0A45D8006F0FC8 /* MainViewController.swift */; };
		200C54C71F0A48C7006F0FC8 /* Destination.storyboard in Resources */ = {isa = PBXBuildFile; fileRef = 200C54B11F0A48C7006F0FC8 /* Destination.storyboard */; };
		200C54C81F0A48C7006F0FC8 /* Discuss.storyboard in Resources */ = {isa = PBXBuildFile; fileRef = 200C54B61F0A48C7006F0FC8 /* Discuss.storyboard */; };
		200C54C91F0A48C7006F0FC8 /* Mall.storyboard in Resources */ = {isa = PBXBuildFile; fileRef = 200C54BF1F0A48C7006F0FC8 /* Mall.storyboard */; };
		200C54CA1F0A48C7006F0FC8 /* Me.storyboard in Resources */ = {isa = PBXBuildFile; fileRef = 200C54C41F0A48C7006F0FC8 /* Me.storyboard */; };
		200C54F71F0A4AAF006F0FC8 /* Home.storyboard in Resources */ = {isa = PBXBuildFile; fileRef = 200C54F61F0A4AAF006F0FC8 /* Home.storyboard */; };
		93A9077C693D8153AF53A261 /* Pods_LoveTravel.framework in Frameworks */ = {isa = PBXBuildFile; fileRef = E246D701E853F0554E69B89B /* Pods_LoveTravel.framework */; };
/* End PBXBuildFile section */

/* Begin PBXFileReference section */
		200C54861F0A44B4006F0FC8 /* LoveTravel.app */ = {isa = PBXFileReference; explicitFileType = wrapper.application; includeInIndex = 0; path = LoveTravel.app; sourceTree = BUILT_PRODUCTS_DIR; };
		200C54891F0A44B4006F0FC8 /* AppDelegate.swift */ = {isa = PBXFileReference; lastKnownFileType = sourcecode.swift; path = AppDelegate.swift; sourceTree = "<group>"; };
		200C548E1F0A44B4006F0FC8 /* Base */ = {isa = PBXFileReference; lastKnownFileType = file.storyboard; name = Base; path = Base.lproj/Main.storyboard; sourceTree = "<group>"; };
		200C54911F0A44B4006F0FC8 /* LoveTravel.xcdatamodel */ = {isa = PBXFileReference; lastKnownFileType = wrapper.xcdatamodel; path = LoveTravel.xcdatamodel; sourceTree = "<group>"; };
		200C54931F0A44B4006F0FC8 /* Assets.xcassets */ = {isa = PBXFileReference; lastKnownFileType = folder.assetcatalog; path = Assets.xcassets; sourceTree = "<group>"; };
		200C54961F0A44B4006F0FC8 /* Base */ = {isa = PBXFileReference; lastKnownFileType = file.storyboard; name = Base; path = Base.lproj/LaunchScreen.storyboard; sourceTree = "<group>"; };
		200C54981F0A44B4006F0FC8 /* Info.plist */ = {isa = PBXFileReference; lastKnownFileType = text.plist.xml; path = Info.plist; sourceTree = "<group>"; };
		200C54A81F0A45D8006F0FC8 /* MainViewController.swift */ = {isa = PBXFileReference; fileEncoding = 4; lastKnownFileType = sourcecode.swift; path = MainViewController.swift; sourceTree = "<group>"; };
		200C54B11F0A48C7006F0FC8 /* Destination.storyboard */ = {isa = PBXFileReference; fileEncoding = 4; lastKnownFileType = file.storyboard; path = Destination.storyboard; sourceTree = "<group>"; };
		200C54B61F0A48C7006F0FC8 /* Discuss.storyboard */ = {isa = PBXFileReference; fileEncoding = 4; lastKnownFileType = file.storyboard; path = Discuss.storyboard; sourceTree = "<group>"; };
		200C54BF1F0A48C7006F0FC8 /* Mall.storyboard */ = {isa = PBXFileReference; fileEncoding = 4; lastKnownFileType = file.storyboard; path = Mall.storyboard; sourceTree = "<group>"; };
		200C54C41F0A48C7006F0FC8 /* Me.storyboard */ = {isa = PBXFileReference; fileEncoding = 4; lastKnownFileType = file.storyboard; path = Me.storyboard; sourceTree = "<group>"; };
		200C54F61F0A4AAF006F0FC8 /* Home.storyboard */ = {isa = PBXFileReference; fileEncoding = 4; lastKnownFileType = file.storyboard; path = Home.storyboard; sourceTree = "<group>"; };
		2063250C1F11BBD800F6A524 /* Alex-Bridge-Header.h */ = {isa = PBXFileReference; fileEncoding = 4; lastKnownFileType = sourcecode.c.h; path = "Alex-Bridge-Header.h"; sourceTree = "<group>"; };
		76E70D695FCE2B123061F8A8 /* Pods-LoveTravel.release.xcconfig */ = {isa = PBXFileReference; includeInIndex = 1; lastKnownFileType = text.xcconfig; name = "Pods-LoveTravel.release.xcconfig"; path = "Pods/Target Support Files/Pods-LoveTravel/Pods-LoveTravel.release.xcconfig"; sourceTree = "<group>"; };
		E246D701E853F0554E69B89B /* Pods_LoveTravel.framework */ = {isa = PBXFileReference; explicitFileType = wrapper.framework; includeInIndex = 0; path = Pods_LoveTravel.framework; sourceTree = BUILT_PRODUCTS_DIR; };
		F665D87194CB0B15230E31F9 /* Pods-LoveTravel.debug.xcconfig */ = {isa = PBXFileReference; includeInIndex = 1; lastKnownFileType = text.xcconfig; name = "Pods-LoveTravel.debug.xcconfig"; path = "Pods/Target Support Files/Pods-LoveTravel/Pods-LoveTravel.debug.xcconfig"; sourceTree = "<group>"; };
/* End PBXFileReference section */

/* Begin PBXFrameworksBuildPhase section */
		200C54831F0A44B4006F0FC8 /* Frameworks */ = {
			isa = PBXFrameworksBuildPhase;
			buildActionMask = 2147483647;
			files = (
				93A9077C693D8153AF53A261 /* Pods_LoveTravel.framework in Frameworks */,
			);
			runOnlyForDeploymentPostprocessing = 0;
		};
/* End PBXFrameworksBuildPhase section */

/* Begin PBXGroup section */
		200C547D1F0A44B4006F0FC8 = {
			isa = PBXGroup;
			children = (
				200C54881F0A44B4006F0FC8 /* LoveTravel */,
				200C54871F0A44B4006F0FC8 /* Products */,
				6CF91F1BC62EB8C2AE67D1C3 /* Pods */,
				B3F8F615C8A512DA633CEFBF /* Frameworks */,
			);
			sourceTree = "<group>";
		};
		200C54871F0A44B4006F0FC8 /* Products */ = {
			isa = PBXGroup;
			children = (
				200C54861F0A44B4006F0FC8 /* LoveTravel.app */,
			);
			name = Products;
			sourceTree = "<group>";
		};
		200C54881F0A44B4006F0FC8 /* LoveTravel */ = {
			isa = PBXGroup;
			children = (
				200C54CB1F0A48E8006F0FC8 /* Header */,
				200C54AE1F0A48C7006F0FC8 /* Classes */,
				206325091F11B51B00F6A524 /* System */,
			);
			path = LoveTravel;
			sourceTree = "<group>";
		};
		200C54AE1F0A48C7006F0FC8 /* Classes */ = {
			isa = PBXGroup;
			children = (
				200C54AF1F0A48C7006F0FC8 /* Destination */,
				200C54B41F0A48C7006F0FC8 /* Discuss */,
				200C54B91F0A48C7006F0FC8 /* Home */,
				200C54BD1F0A48C7006F0FC8 /* Mall */,
				200C54C21F0A48C7006F0FC8 /* Me */,
			);
			path = Classes;
			sourceTree = "<group>";
		};
		200C54AF1F0A48C7006F0FC8 /* Destination */ = {
			isa = PBXGroup;
			children = (
				200C54B01F0A48C7006F0FC8 /* Controller */,
				200C54B21F0A48C7006F0FC8 /* Model */,
				200C54B31F0A48C7006F0FC8 /* View */,
			);
			path = Destination;
			sourceTree = "<group>";
		};
		200C54B01F0A48C7006F0FC8 /* Controller */ = {
			isa = PBXGroup;
			children = (
				200C54B11F0A48C7006F0FC8 /* Destination.storyboard */,
			);
			path = Controller;
			sourceTree = "<group>";
		};
		200C54B21F0A48C7006F0FC8 /* Model */ = {
			isa = PBXGroup;
			children = (
			);
			path = Model;
			sourceTree = "<group>";
		};
		200C54B31F0A48C7006F0FC8 /* View */ = {
			isa = PBXGroup;
			children = (
			);
			path = View;
			sourceTree = "<group>";
		};
		200C54B41F0A48C7006F0FC8 /* Discuss */ = {
			isa = PBXGroup;
			children = (
				200C54B51F0A48C7006F0FC8 /* Controller */,
				200C54B71F0A48C7006F0FC8 /* Model */,
				200C54B81F0A48C7006F0FC8 /* View */,
			);
			path = Discuss;
			sourceTree = "<group>";
		};
		200C54B51F0A48C7006F0FC8 /* Controller */ = {
			isa = PBXGroup;
			children = (
				200C54B61F0A48C7006F0FC8 /* Discuss.storyboard */,
			);
			path = Controller;
			sourceTree = "<group>";
		};
		200C54B71F0A48C7006F0FC8 /* Model */ = {
			isa = PBXGroup;
			children = (
			);
			path = Model;
			sourceTree = "<group>";
		};
		200C54B81F0A48C7006F0FC8 /* View */ = {
			isa = PBXGroup;
			children = (
			);
			path = View;
			sourceTree = "<group>";
		};
		200C54B91F0A48C7006F0FC8 /* Home */ = {
			isa = PBXGroup;
			children = (
				200C54BA1F0A48C7006F0FC8 /* Controller */,
				200C54BB1F0A48C7006F0FC8 /* Model */,
				200C54BC1F0A48C7006F0FC8 /* View */,
			);
			path = Home;
			sourceTree = "<group>";
		};
		200C54BA1F0A48C7006F0FC8 /* Controller */ = {
			isa = PBXGroup;
			children = (
				200C54F61F0A4AAF006F0FC8 /* Home.storyboard */,
			);
			path = Controller;
			sourceTree = "<group>";
		};
		200C54BB1F0A48C7006F0FC8 /* Model */ = {
			isa = PBXGroup;
			children = (
			);
			path = Model;
			sourceTree = "<group>";
		};
		200C54BC1F0A48C7006F0FC8 /* View */ = {
			isa = PBXGroup;
			children = (
			);
			path = View;
			sourceTree = "<group>";
		};
		200C54BD1F0A48C7006F0FC8 /* Mall */ = {
			isa = PBXGroup;
			children = (
				200C54BE1F0A48C7006F0FC8 /* Controller */,
				200C54C01F0A48C7006F0FC8 /* Model */,
				200C54C11F0A48C7006F0FC8 /* View */,
			);
			path = Mall;
			sourceTree = "<group>";
		};
		200C54BE1F0A48C7006F0FC8 /* Controller */ = {
			isa = PBXGroup;
			children = (
				200C54BF1F0A48C7006F0FC8 /* Mall.storyboard */,
			);
			path = Controller;
			sourceTree = "<group>";
		};
		200C54C01F0A48C7006F0FC8 /* Model */ = {
			isa = PBXGroup;
			children = (
			);
			path = Model;
			sourceTree = "<group>";
		};
		200C54C11F0A48C7006F0FC8 /* View */ = {
			isa = PBXGroup;
			children = (
			);
			path = View;
			sourceTree = "<group>";
		};
		200C54C21F0A48C7006F0FC8 /* Me */ = {
			isa = PBXGroup;
			children = (
				200C54C31F0A48C7006F0FC8 /* Controller */,
				200C54C51F0A48C7006F0FC8 /* Model */,
				200C54C61F0A48C7006F0FC8 /* View */,
			);
			path = Me;
			sourceTree = "<group>";
		};
		200C54C31F0A48C7006F0FC8 /* Controller */ = {
			isa = PBXGroup;
			children = (
				200C54C41F0A48C7006F0FC8 /* Me.storyboard */,
			);
			path = Controller;
			sourceTree = "<group>";
		};
		200C54C51F0A48C7006F0FC8 /* Model */ = {
			isa = PBXGroup;
			children = (
			);
			path = Model;
			sourceTree = "<group>";
		};
		200C54C61F0A48C7006F0FC8 /* View */ = {
			isa = PBXGroup;
			children = (
			);
			path = View;
			sourceTree = "<group>";
		};
		200C54CB1F0A48E8006F0FC8 /* Header */ = {
			isa = PBXGroup;
			children = (
				2063250C1F11BBD800F6A524 /* Alex-Bridge-Header.h */,
			);
			path = Header;
			sourceTree = "<group>";
		};
		206325091F11B51B00F6A524 /* System */ = {
			isa = PBXGroup;
			children = (
				200C54891F0A44B4006F0FC8 /* AppDelegate.swift */,
				200C548D1F0A44B4006F0FC8 /* Main.storyboard */,
				200C54A81F0A45D8006F0FC8 /* MainViewController.swift */,
				200C54931F0A44B4006F0FC8 /* Assets.xcassets */,
				200C54951F0A44B4006F0FC8 /* LaunchScreen.storyboard */,
				200C54981F0A44B4006F0FC8 /* Info.plist */,
				200C54901F0A44B4006F0FC8 /* LoveTravel.xcdatamodeld */,
			);
			name = System;
			sourceTree = "<group>";
		};
		6CF91F1BC62EB8C2AE67D1C3 /* Pods */ = {
			isa = PBXGroup;
			children = (
				F665D87194CB0B15230E31F9 /* Pods-LoveTravel.debug.xcconfig */,
				76E70D695FCE2B123061F8A8 /* Pods-LoveTravel.release.xcconfig */,
			);
			name = Pods;
			sourceTree = "<group>";
		};
		B3F8F615C8A512DA633CEFBF /* Frameworks */ = {
			isa = PBXGroup;
			children = (
				E246D701E853F0554E69B89B /* Pods_LoveTravel.framework */,
			);
			name = Frameworks;
			sourceTree = "<group>";
		};
/* End PBXGroup section */

/* Begin PBXNativeTarget section */
		200C54851F0A44B4006F0FC8 /* LoveTravel */ = {
			isa = PBXNativeTarget;
			buildConfigurationList = 200C549B1F0A44B4006F0FC8 /* Build configuration list for PBXNativeTarget "LoveTravel" */;
			buildPhases = (
				5538547D6BBAECC390FDC41F /* [CP] Check Pods Manifest.lock */,
				200C54821F0A44B4006F0FC8 /* Sources */,
				200C54831F0A44B4006F0FC8 /* Frameworks */,
				200C54841F0A44B4006F0FC8 /* Resources */,
				65989969C763DAA503D89C0F /* [CP] Embed Pods Frameworks */,
				E7991A7A21AFE0A8A1848EF2 /* [CP] Copy Pods Resources */,
			);
			buildRules = (
			);
			dependencies = (
			);
			name = LoveTravel;
			productName = LoveTravel;
			productReference = 200C54861F0A44B4006F0FC8 /* LoveTravel.app */;
			productType = "com.apple.product-type.application";
		};
/* End PBXNativeTarget section */

/* Begin PBXProject section */
		200C547E1F0A44B4006F0FC8 /* Project object */ = {
			isa = PBXProject;
			attributes = {
				LastSwiftUpdateCheck = 0830;
				LastUpgradeCheck = 0830;
				ORGANIZATIONNAME = Alex;
				TargetAttributes = {
					200C54851F0A44B4006F0FC8 = {
						CreatedOnToolsVersion = 8.3.3;
						LastSwiftMigration = 0830;
						ProvisioningStyle = Automatic;
					};
				};
			};
			buildConfigurationList = 200C54811F0A44B4006F0FC8 /* Build configuration list for PBXProject "LoveTravel" */;
			compatibilityVersion = "Xcode 3.2";
			developmentRegion = English;
			hasScannedForEncodings = 0;
			knownRegions = (
				en,
				Base,
			);
			mainGroup = 200C547D1F0A44B4006F0FC8;
			productRefGroup = 200C54871F0A44B4006F0FC8 /* Products */;
			projectDirPath = "";
			projectRoot = "";
			targets = (
				200C54851F0A44B4006F0FC8 /* LoveTravel */,
			);
		};
/* End PBXProject section */

/* Begin PBXResourcesBuildPhase section */
		200C54841F0A44B4006F0FC8 /* Resources */ = {
			isa = PBXResourcesBuildPhase;
			buildActionMask = 2147483647;
			files = (
				200C54971F0A44B4006F0FC8 /* LaunchScreen.storyboard in Resources */,
				200C54941F0A44B4006F0FC8 /* Assets.xcassets in Resources */,
				200C54C91F0A48C7006F0FC8 /* Mall.storyboard in Resources */,
				200C548F1F0A44B4006F0FC8 /* Main.storyboard in Resources */,
				200C54C81F0A48C7006F0FC8 /* Discuss.storyboard in Resources */,
				200C54CA1F0A48C7006F0FC8 /* Me.storyboard in Resources */,
				200C54C71F0A48C7006F0FC8 /* Destination.storyboard in Resources */,
				200C54F71F0A4AAF006F0FC8 /* Home.storyboard in Resources */,
			);
			runOnlyForDeploymentPostprocessing = 0;
		};
/* End PBXResourcesBuildPhase section */

/* Begin PBXShellScriptBuildPhase section */
		5538547D6BBAECC390FDC41F /* [CP] Check Pods Manifest.lock */ = {
			isa = PBXShellScriptBuildPhase;
			buildActionMask = 2147483647;
			files = (
			);
			inputPaths = (
			);
			name = "[CP] Check Pods Manifest.lock";
			outputPaths = (
			);
			runOnlyForDeploymentPostprocessing = 0;
			shellPath = /bin/sh;
			shellScript = "diff \"${PODS_PODFILE_DIR_PATH}/Podfile.lock\" \"${PODS_ROOT}/Manifest.lock\" > /dev/null\nif [ $? != 0 ] ; then\n    # print error to STDERR\n    echo \"error: The sandbox is not in sync with the Podfile.lock. Run 'pod install' or update your CocoaPods installation.\" >&2\n    exit 1\nfi\n";
			showEnvVarsInLog = 0;
		};
		65989969C763DAA503D89C0F /* [CP] Embed Pods Frameworks */ = {
			isa = PBXShellScriptBuildPhase;
			buildActionMask = 2147483647;
			files = (
			);
			inputPaths = (
			);
			name = "[CP] Embed Pods Frameworks";
			outputPaths = (
			);
			runOnlyForDeploymentPostprocessing = 0;
			shellPath = /bin/sh;
			shellScript = "\"${SRCROOT}/Pods/Target Support Files/Pods-LoveTravel/Pods-LoveTravel-frameworks.sh\"\n";
			showEnvVarsInLog = 0;
		};
		E7991A7A21AFE0A8A1848EF2 /* [CP] Copy Pods Resources */ = {
			isa = PBXShellScriptBuildPhase;
			buildActionMask = 2147483647;
			files = (
			);
			inputPaths = (
			);
			name = "[CP] Copy Pods Resources";
			outputPaths = (
			);
			runOnlyForDeploymentPostprocessing = 0;
			shellPath = /bin/sh;
			shellScript = "\"${SRCROOT}/Pods/Target Support Files/Pods-LoveTravel/Pods-LoveTravel-resources.sh\"\n";
			showEnvVarsInLog = 0;
		};
/* End PBXShellScriptBuildPhase section */

/* Begin PBXSourcesBuildPhase section */
		200C54821F0A44B4006F0FC8 /* Sources */ = {
			isa = PBXSourcesBuildPhase;
			buildActionMask = 2147483647;
			files = (
				200C54A91F0A45D8006F0FC8 /* MainViewController.swift in Sources */,
				200C548A1F0A44B4006F0FC8 /* AppDelegate.swift in Sources */,
				200C54921F0A44B4006F0FC8 /* LoveTravel.xcdatamodeld in Sources */,
			);
			runOnlyForDeploymentPostprocessing = 0;
		};
/* End PBXSourcesBuildPhase section */

/* Begin PBXVariantGroup section */
		200C548D1F0A44B4006F0FC8 /* Main.storyboard */ = {
			isa = PBXVariantGroup;
			children = (
				200C548E1F0A44B4006F0FC8 /* Base */,
			);
			name = Main.storyboard;
			sourceTree = "<group>";
		};
		200C54951F0A44B4006F0FC8 /* LaunchScreen.storyboard */ = {
			isa = PBXVariantGroup;
			children = (
				200C54961F0A44B4006F0FC8 /* Base */,
			);
			name = LaunchScreen.storyboard;
			sourceTree = "<group>";
		};
/* End PBXVariantGroup section */

/* Begin XCBuildConfiguration section */
		200C54991F0A44B4006F0FC8 /* Debug */ = {
			isa = XCBuildConfiguration;
			buildSettings = {
				ALWAYS_SEARCH_USER_PATHS = NO;
				CLANG_ANALYZER_NONNULL = YES;
				CLANG_ANALYZER_NUMBER_OBJECT_CONVERSION = YES_AGGRESSIVE;
				CLANG_CXX_LANGUAGE_STANDARD = "gnu++0x";
				CLANG_CXX_LIBRARY = "libc++";
				CLANG_ENABLE_MODULES = YES;
				CLANG_ENABLE_OBJC_ARC = YES;
				CLANG_WARN_BOOL_CONVERSION = YES;
				CLANG_WARN_CONSTANT_CONVERSION = YES;
				CLANG_WARN_DIRECT_OBJC_ISA_USAGE = YES_ERROR;
				CLANG_WARN_DOCUMENTATION_COMMENTS = YES;
				CLANG_WARN_EMPTY_BODY = YES;
				CLANG_WARN_ENUM_CONVERSION = YES;
				CLANG_WARN_INFINITE_RECURSION = YES;
				CLANG_WARN_INT_CONVERSION = YES;
				CLANG_WARN_OBJC_ROOT_CLASS = YES_ERROR;
				CLANG_WARN_SUSPICIOUS_MOVE = YES;
				CLANG_WARN_UNREACHABLE_CODE = YES;
				CLANG_WARN__DUPLICATE_METHOD_MATCH = YES;
				"CODE_SIGN_IDENTITY[sdk=iphoneos*]" = "iPhone Developer";
				COPY_PHASE_STRIP = NO;
				DEBUG_INFORMATION_FORMAT = dwarf;
				ENABLE_STRICT_OBJC_MSGSEND = YES;
				ENABLE_TESTABILITY = YES;
				GCC_C_LANGUAGE_STANDARD = gnu99;
				GCC_DYNAMIC_NO_PIC = NO;
				GCC_NO_COMMON_BLOCKS = YES;
				GCC_OPTIMIZATION_LEVEL = 0;
				GCC_PREPROCESSOR_DEFINITIONS = (
					"DEBUG=1",
					"$(inherited)",
				);
				GCC_WARN_64_TO_32_BIT_CONVERSION = YES;
				GCC_WARN_ABOUT_RETURN_TYPE = YES_ERROR;
				GCC_WARN_UNDECLARED_SELECTOR = YES;
				GCC_WARN_UNINITIALIZED_AUTOS = YES_AGGRESSIVE;
				GCC_WARN_UNUSED_FUNCTION = YES;
				GCC_WARN_UNUSED_VARIABLE = YES;
				IPHONEOS_DEPLOYMENT_TARGET = 10.3;
				MTL_ENABLE_DEBUG_INFO = YES;
				ONLY_ACTIVE_ARCH = YES;
				SDKROOT = iphoneos;
				SWIFT_ACTIVE_COMPILATION_CONDITIONS = DEBUG;
				SWIFT_OPTIMIZATION_LEVEL = "-Onone";
				TARGETED_DEVICE_FAMILY = "1,2";
			};
			name = Debug;
		};
		200C549A1F0A44B4006F0FC8 /* Release */ = {
			isa = XCBuildConfiguration;
			buildSettings = {
				ALWAYS_SEARCH_USER_PATHS = NO;
				CLANG_ANALYZER_NONNULL = YES;
				CLANG_ANALYZER_NUMBER_OBJECT_CONVERSION = YES_AGGRESSIVE;
				CLANG_CXX_LANGUAGE_STANDARD = "gnu++0x";
				CLANG_CXX_LIBRARY = "libc++";
				CLANG_ENABLE_MODULES = YES;
				CLANG_ENABLE_OBJC_ARC = YES;
				CLANG_WARN_BOOL_CONVERSION = YES;
				CLANG_WARN_CONSTANT_CONVERSION = YES;
				CLANG_WARN_DIRECT_OBJC_ISA_USAGE = YES_ERROR;
				CLANG_WARN_DOCUMENTATION_COMMENTS = YES;
				CLANG_WARN_EMPTY_BODY = YES;
				CLANG_WARN_ENUM_CONVERSION = YES;
				CLANG_WARN_INFINITE_RECURSION = YES;
				CLANG_WARN_INT_CONVERSION = YES;
				CLANG_WARN_OBJC_ROOT_CLASS = YES_ERROR;
				CLANG_WARN_SUSPICIOUS_MOVE = YES;
				CLANG_WARN_UNREACHABLE_CODE = YES;
				CLANG_WARN__DUPLICATE_METHOD_MATCH = YES;
				"CODE_SIGN_IDENTITY[sdk=iphoneos*]" = "iPhone Developer";
				COPY_PHASE_STRIP = NO;
				DEBUG_INFORMATION_FORMAT = "dwarf-with-dsym";
				ENABLE_NS_ASSERTIONS = NO;
				ENABLE_STRICT_OBJC_MSGSEND = YES;
				GCC_C_LANGUAGE_STANDARD = gnu99;
				GCC_NO_COMMON_BLOCKS = YES;
				GCC_WARN_64_TO_32_BIT_CONVERSION = YES;
				GCC_WARN_ABOUT_RETURN_TYPE = YES_ERROR;
				GCC_WARN_UNDECLARED_SELECTOR = YES;
				GCC_WARN_UNINITIALIZED_AUTOS = YES_AGGRESSIVE;
				GCC_WARN_UNUSED_FUNCTION = YES;
				GCC_WARN_UNUSED_VARIABLE = YES;
				IPHONEOS_DEPLOYMENT_TARGET = 10.3;
				MTL_ENABLE_DEBUG_INFO = NO;
				SDKROOT = iphoneos;
				SWIFT_OPTIMIZATION_LEVEL = "-Owholemodule";
				TARGETED_DEVICE_FAMILY = "1,2";
				VALIDATE_PRODUCT = YES;
			};
			name = Release;
		};
		200C549C1F0A44B4006F0FC8 /* Debug */ = {
			isa = XCBuildConfiguration;
			baseConfigurationReference = F665D87194CB0B15230E31F9 /* Pods-LoveTravel.debug.xcconfig */;
			buildSettings = {
				ASSETCATALOG_COMPILER_APPICON_NAME = AppIcon;
				CLANG_ENABLE_MODULES = YES;
				ENABLE_BITCODE = NO;
				INFOPLIST_FILE = LoveTravel/Info.plist;
				IPHONEOS_DEPLOYMENT_TARGET = 10.0;
				LD_RUNPATH_SEARCH_PATHS = "$(inherited) @executable_path/Frameworks";
				LIBRARY_SEARCH_PATHS = (
					"$(inherited)",
					"$(PROJECT_DIR)/LoveTravel/Library/AI/Libs",
				);
				PRODUCT_BUNDLE_IDENTIFIER = "com.Alex-Yang.LoveTravel";
				PRODUCT_NAME = "$(TARGET_NAME)";
				SWIFT_OBJC_BRIDGING_HEADER = "$(SRCROOT)/LoveTravel/Header/Alex-Bridge-Header.h";
				SWIFT_OPTIMIZATION_LEVEL = "-Onone";
				SWIFT_VERSION = 3.0;
				USER_HEADER_SEARCH_PATHS = "$(SRCROOT)/**";
			};
			name = Debug;
		};
		200C549D1F0A44B4006F0FC8 /* Release */ = {
			isa = XCBuildConfiguration;
			baseConfigurationReference = 76E70D695FCE2B123061F8A8 /* Pods-LoveTravel.release.xcconfig */;
			buildSettings = {
				ASSETCATALOG_COMPILER_APPICON_NAME = AppIcon;
				CLANG_ENABLE_MODULES = YES;
				ENABLE_BITCODE = NO;
				INFOPLIST_FILE = LoveTravel/Info.plist;
				IPHONEOS_DEPLOYMENT_TARGET = 10.0;
				LD_RUNPATH_SEARCH_PATHS = "$(inherited) @executable_path/Frameworks";
				LIBRARY_SEARCH_PATHS = (
					"$(inherited)",
					"$(PROJECT_DIR)/LoveTravel/Library/AI/Libs",
				);
				PRODUCT_BUNDLE_IDENTIFIER = "com.Alex-Yang.LoveTravel";
				PRODUCT_NAME = "$(TARGET_NAME)";
				SWIFT_OBJC_BRIDGING_HEADER = "$(SRCROOT)/LoveTravel/Header/Alex-Bridge-Header.h";
				SWIFT_VERSION = 3.0;
				USER_HEADER_SEARCH_PATHS = "$(SRCROOT)/**";
			};
			name = Release;
		};
/* End XCBuildConfiguration section */

/* Begin XCConfigurationList section */
		200C54811F0A44B4006F0FC8 /* Build configuration list for PBXProject "LoveTravel" */ = {
			isa = XCConfigurationList;
			buildConfigurations = (
				200C54991F0A44B4006F0FC8 /* Debug */,
				200C549A1F0A44B4006F0FC8 /* Release */,
			);
			defaultConfigurationIsVisible = 0;
			defaultConfigurationName = Release;
		};
		200C549B1F0A44B4006F0FC8 /* Build configuration list for PBXNativeTarget "LoveTravel" */ = {
			isa = XCConfigurationList;
			buildConfigurations = (
				200C549C1F0A44B4006F0FC8 /* Debug */,
				200C549D1F0A44B4006F0FC8 /* Release */,
			);
			defaultConfigurationIsVisible = 0;
			defaultConfigurationName = Release;
		};
/* End XCConfigurationList section */

/* Begin XCVersionGroup section */
		200C54901F0A44B4006F0FC8 /* LoveTravel.xcdatamodeld */ = {
			isa = XCVersionGroup;
			children = (
				200C54911F0A44B4006F0FC8 /* LoveTravel.xcdatamodel */,
			);
			currentVersion = 200C54911F0A44B4006F0FC8 /* LoveTravel.xcdatamodel */;
			path = LoveTravel.xcdatamodeld;
			sourceTree = "<group>";
			versionGroupType = wrapper.xcdatamodel;
		};
/* End XCVersionGroup section */
	};
	rootObject = 200C547E1F0A44B4006F0FC8 /* Project object */;
}
