// !$*UTF8*$!
{
	archiveVersion = 1;
	classes = {
	};
	objectVersion = 46;
	objects = {

/* Begin PBXBuildFile section */
		200C54161F0A22CE006F0FC8 /* AppDelegate.swift in Sources */ = {isa = PBXBuildFile; fileRef = 200C54151F0A22CE006F0FC8 /* AppDelegate.swift */; };
		200C54181F0A22CE006F0FC8 /* ViewController.swift in Sources */ = {isa = PBXBuildFile; fileRef = 200C54171F0A22CE006F0FC8 /* ViewController.swift */; };
		200C541B1F0A22CE006F0FC8 /* Main.storyboard in Resources */ = {isa = PBXBuildFile; fileRef = 200C54191F0A22CE006F0FC8 /* Main.storyboard */; };
		200C541E1F0A22CE006F0FC8 /* LoveTravel.xcdatamodeld in Sources */ = {isa = PBXBuildFile; fileRef = 200C541C1F0A22CE006F0FC8 /* LoveTravel.xcdatamodeld */; };
		200C54201F0A22CE006F0FC8 /* Assets.xcassets in Resources */ = {isa = PBXBuildFile; fileRef = 200C541F1F0A22CE006F0FC8 /* Assets.xcassets */; };
		200C54231F0A22CE006F0FC8 /* LaunchScreen.storyboard in Resources */ = {isa = PBXBuildFile; fileRef = 200C54211F0A22CE006F0FC8 /* LaunchScreen.storyboard */; };
		200C542C1F0A2428006F0FC8 /* Library in Resources */ = {isa = PBXBuildFile; fileRef = 200C542B1F0A2428006F0FC8 /* Library */; };
		DD8ADB237F16F22386843076 /* Pods_LoveTravel.framework in Frameworks */ = {isa = PBXBuildFile; fileRef = 5653A60653BB4882583D99E7 /* Pods_LoveTravel.framework */; };
/* End PBXBuildFile section */

/* Begin PBXFileReference section */
		0CA0BA52B39C8DE3996D0B70 /* Pods-LoveTravel.release.xcconfig */ = {isa = PBXFileReference; includeInIndex = 1; lastKnownFileType = text.xcconfig; name = "Pods-LoveTravel.release.xcconfig"; path = "Pods/Target Support Files/Pods-LoveTravel/Pods-LoveTravel.release.xcconfig"; sourceTree = "<group>"; };
		200C54121F0A22CE006F0FC8 /* LoveTravel.app */ = {isa = PBXFileReference; explicitFileType = wrapper.application; includeInIndex = 0; path = LoveTravel.app; sourceTree = BUILT_PRODUCTS_DIR; };
		200C54151F0A22CE006F0FC8 /* AppDelegate.swift */ = {isa = PBXFileReference; lastKnownFileType = sourcecode.swift; path = AppDelegate.swift; sourceTree = "<group>"; };
		200C54171F0A22CE006F0FC8 /* ViewController.swift */ = {isa = PBXFileReference; lastKnownFileType = sourcecode.swift; path = ViewController.swift; sourceTree = "<group>"; };
		200C541A1F0A22CE006F0FC8 /* Base */ = {isa = PBXFileReference; lastKnownFileType = file.storyboard; name = Base; path = Base.lproj/Main.storyboard; sourceTree = "<group>"; };
		200C541D1F0A22CE006F0FC8 /* LoveTravel.xcdatamodel */ = {isa = PBXFileReference; lastKnownFileType = wrapper.xcdatamodel; path = LoveTravel.xcdatamodel; sourceTree = "<group>"; };
		200C541F1F0A22CE006F0FC8 /* Assets.xcassets */ = {isa = PBXFileReference; lastKnownFileType = folder.assetcatalog; path = Assets.xcassets; sourceTree = "<group>"; };
		200C54221F0A22CE006F0FC8 /* Base */ = {isa = PBXFileReference; lastKnownFileType = file.storyboard; name = Base; path = Base.lproj/LaunchScreen.storyboard; sourceTree = "<group>"; };
		200C54241F0A22CE006F0FC8 /* Info.plist */ = {isa = PBXFileReference; lastKnownFileType = text.plist.xml; path = Info.plist; sourceTree = "<group>"; };
		200C542B1F0A2428006F0FC8 /* Library */ = {isa = PBXFileReference; lastKnownFileType = folder; path = Library; sourceTree = "<group>"; };
		5653A60653BB4882583D99E7 /* Pods_LoveTravel.framework */ = {isa = PBXFileReference; explicitFileType = wrapper.framework; includeInIndex = 0; path = Pods_LoveTravel.framework; sourceTree = BUILT_PRODUCTS_DIR; };
		BB4D69CEF66420F35B009B42 /* Pods-LoveTravel.debug.xcconfig */ = {isa = PBXFileReference; includeInIndex = 1; lastKnownFileType = text.xcconfig; name = "Pods-LoveTravel.debug.xcconfig"; path = "Pods/Target Support Files/Pods-LoveTravel/Pods-LoveTravel.debug.xcconfig"; sourceTree = "<group>"; };
/* End PBXFileReference section */

/* Begin PBXFrameworksBuildPhase section */
		200C540F1F0A22CE006F0FC8 /* Frameworks */ = {
			isa = PBXFrameworksBuildPhase;
			buildActionMask = 2147483647;
			files = (
				DD8ADB237F16F22386843076 /* Pods_LoveTravel.framework in Frameworks */,
			);
			runOnlyForDeploymentPostprocessing = 0;
		};
/* End PBXFrameworksBuildPhase section */

/* Begin PBXGroup section */
		200C54091F0A22CE006F0FC8 = {
			isa = PBXGroup;
			children = (
				200C54141F0A22CE006F0FC8 /* LoveTravel */,
				200C54131F0A22CE006F0FC8 /* Products */,
				DD3DC151F192719005C799AA /* Pods */,
				4EAEF949F91EB2F4E3D4CC01 /* Frameworks */,
			);
			sourceTree = "<group>";
		};
		200C54131F0A22CE006F0FC8 /* Products */ = {
			isa = PBXGroup;
			children = (
				200C54121F0A22CE006F0FC8 /* LoveTravel.app */,
			);
			name = Products;
			sourceTree = "<group>";
		};
		200C54141F0A22CE006F0FC8 /* LoveTravel */ = {
			isa = PBXGroup;
			children = (
				200C542B1F0A2428006F0FC8 /* Library */,
				200C542A1F0A23E7006F0FC8 /* Main */,
			);
			path = LoveTravel;
			sourceTree = "<group>";
		};
		200C542A1F0A23E7006F0FC8 /* Main */ = {
			isa = PBXGroup;
			children = (
				200C54151F0A22CE006F0FC8 /* AppDelegate.swift */,
				200C54171F0A22CE006F0FC8 /* ViewController.swift */,
				200C54191F0A22CE006F0FC8 /* Main.storyboard */,
				200C541F1F0A22CE006F0FC8 /* Assets.xcassets */,
				200C54211F0A22CE006F0FC8 /* LaunchScreen.storyboard */,
				200C54241F0A22CE006F0FC8 /* Info.plist */,
				200C541C1F0A22CE006F0FC8 /* LoveTravel.xcdatamodeld */,
			);
			name = Main;
			sourceTree = "<group>";
		};
		4EAEF949F91EB2F4E3D4CC01 /* Frameworks */ = {
			isa = PBXGroup;
			children = (
				5653A60653BB4882583D99E7 /* Pods_LoveTravel.framework */,
			);
			name = Frameworks;
			sourceTree = "<group>";
		};
		DD3DC151F192719005C799AA /* Pods */ = {
			isa = PBXGroup;
			children = (
				BB4D69CEF66420F35B009B42 /* Pods-LoveTravel.debug.xcconfig */,
				0CA0BA52B39C8DE3996D0B70 /* Pods-LoveTravel.release.xcconfig */,
			);
			name = Pods;
			sourceTree = "<group>";
		};
/* End PBXGroup section */

/* Begin PBXNativeTarget section */
		200C54111F0A22CE006F0FC8 /* LoveTravel */ = {
			isa = PBXNativeTarget;
			buildConfigurationList = 200C54271F0A22CE006F0FC8 /* Build configuration list for PBXNativeTarget "LoveTravel" */;
			buildPhases = (
				E7587EC5DC16B156F63B26FA /* [CP] Check Pods Manifest.lock */,
				200C540E1F0A22CE006F0FC8 /* Sources */,
				200C540F1F0A22CE006F0FC8 /* Frameworks */,
				200C54101F0A22CE006F0FC8 /* Resources */,
				2FCFF8BBC91B2BADABC9B0B6 /* [CP] Embed Pods Frameworks */,
				D56398C49727B8732AC0BA9C /* [CP] Copy Pods Resources */,
			);
			buildRules = (
			);
			dependencies = (
			);
			name = LoveTravel;
			productName = LoveTravel;
			productReference = 200C54121F0A22CE006F0FC8 /* LoveTravel.app */;
			productType = "com.apple.product-type.application";
		};
/* End PBXNativeTarget section */

/* Begin PBXProject section */
		200C540A1F0A22CE006F0FC8 /* Project object */ = {
			isa = PBXProject;
			attributes = {
				LastSwiftUpdateCheck = 0830;
				LastUpgradeCheck = 0830;
				ORGANIZATIONNAME = Alex;
				TargetAttributes = {
					200C54111F0A22CE006F0FC8 = {
						CreatedOnToolsVersion = 8.3.3;
						ProvisioningStyle = Automatic;
					};
				};
			};
			buildConfigurationList = 200C540D1F0A22CE006F0FC8 /* Build configuration list for PBXProject "LoveTravel" */;
			compatibilityVersion = "Xcode 3.2";
			developmentRegion = English;
			hasScannedForEncodings = 0;
			knownRegions = (
				en,
				Base,
			);
			mainGroup = 200C54091F0A22CE006F0FC8;
			productRefGroup = 200C54131F0A22CE006F0FC8 /* Products */;
			projectDirPath = "";
			projectRoot = "";
			targets = (
				200C54111F0A22CE006F0FC8 /* LoveTravel */,
			);
		};
/* End PBXProject section */

/* Begin PBXResourcesBuildPhase section */
		200C54101F0A22CE006F0FC8 /* Resources */ = {
			isa = PBXResourcesBuildPhase;
			buildActionMask = 2147483647;
			files = (
				200C542C1F0A2428006F0FC8 /* Library in Resources */,
				200C54231F0A22CE006F0FC8 /* LaunchScreen.storyboard in Resources */,
				200C54201F0A22CE006F0FC8 /* Assets.xcassets in Resources */,
				200C541B1F0A22CE006F0FC8 /* Main.storyboard in Resources */,
			);
			runOnlyForDeploymentPostprocessing = 0;
		};
/* End PBXResourcesBuildPhase section */

/* Begin PBXShellScriptBuildPhase section */
		2FCFF8BBC91B2BADABC9B0B6 /* [CP] Embed Pods Frameworks */ = {
			isa = PBXShellScriptBuildPhase;
			buildActionMask = 2147483647;
			files = (
			);
			inputPaths = (
			);
			name = "[CP] Embed Pods Frameworks";
			outputPaths = (
			);
			runOnlyForDeploymentPostprocessing = 0;
			shellPath = /bin/sh;
			shellScript = "\"${SRCROOT}/Pods/Target Support Files/Pods-LoveTravel/Pods-LoveTravel-frameworks.sh\"\n";
			showEnvVarsInLog = 0;
		};
		D56398C49727B8732AC0BA9C /* [CP] Copy Pods Resources */ = {
			isa = PBXShellScriptBuildPhase;
			buildActionMask = 2147483647;
			files = (
			);
			inputPaths = (
			);
			name = "[CP] Copy Pods Resources";
			outputPaths = (
			);
			runOnlyForDeploymentPostprocessing = 0;
			shellPath = /bin/sh;
			shellScript = "\"${SRCROOT}/Pods/Target Support Files/Pods-LoveTravel/Pods-LoveTravel-resources.sh\"\n";
			showEnvVarsInLog = 0;
		};
		E7587EC5DC16B156F63B26FA /* [CP] Check Pods Manifest.lock */ = {
			isa = PBXShellScriptBuildPhase;
			buildActionMask = 2147483647;
			files = (
			);
			inputPaths = (
			);
			name = "[CP] Check Pods Manifest.lock";
			outputPaths = (
			);
			runOnlyForDeploymentPostprocessing = 0;
			shellPath = /bin/sh;
			shellScript = "diff \"${PODS_PODFILE_DIR_PATH}/Podfile.lock\" \"${PODS_ROOT}/Manifest.lock\" > /dev/null\nif [ $? != 0 ] ; then\n    # print error to STDERR\n    echo \"error: The sandbox is not in sync with the Podfile.lock. Run 'pod install' or update your CocoaPods installation.\" >&2\n    exit 1\nfi\n";
			showEnvVarsInLog = 0;
		};
/* End PBXShellScriptBuildPhase section */

/* Begin PBXSourcesBuildPhase section */
		200C540E1F0A22CE006F0FC8 /* Sources */ = {
			isa = PBXSourcesBuildPhase;
			buildActionMask = 2147483647;
			files = (
				200C54181F0A22CE006F0FC8 /* ViewController.swift in Sources */,
				200C54161F0A22CE006F0FC8 /* AppDelegate.swift in Sources */,
				200C541E1F0A22CE006F0FC8 /* LoveTravel.xcdatamodeld in Sources */,
			);
			runOnlyForDeploymentPostprocessing = 0;
		};
/* End PBXSourcesBuildPhase section */

/* Begin PBXVariantGroup section */
		200C54191F0A22CE006F0FC8 /* Main.storyboard */ = {
			isa = PBXVariantGroup;
			children = (
				200C541A1F0A22CE006F0FC8 /* Base */,
			);
			name = Main.storyboard;
			sourceTree = "<group>";
		};
		200C54211F0A22CE006F0FC8 /* LaunchScreen.storyboard */ = {
			isa = PBXVariantGroup;
			children = (
				200C54221F0A22CE006F0FC8 /* Base */,
			);
			name = LaunchScreen.storyboard;
			sourceTree = "<group>";
		};
/* End PBXVariantGroup section */

/* Begin XCBuildConfiguration section */
		200C54251F0A22CE006F0FC8 /* Debug */ = {
			isa = XCBuildConfiguration;
			buildSettings = {
				ALWAYS_SEARCH_USER_PATHS = NO;
				CLANG_ANALYZER_NONNULL = YES;
				CLANG_ANALYZER_NUMBER_OBJECT_CONVERSION = YES_AGGRESSIVE;
				CLANG_CXX_LANGUAGE_STANDARD = "gnu++0x";
				CLANG_CXX_LIBRARY = "libc++";
				CLANG_ENABLE_MODULES = YES;
				CLANG_ENABLE_OBJC_ARC = YES;
				CLANG_WARN_BOOL_CONVERSION = YES;
				CLANG_WARN_CONSTANT_CONVERSION = YES;
				CLANG_WARN_DIRECT_OBJC_ISA_USAGE = YES_ERROR;
				CLANG_WARN_DOCUMENTATION_COMMENTS = YES;
				CLANG_WARN_EMPTY_BODY = YES;
				CLANG_WARN_ENUM_CONVERSION = YES;
				CLANG_WARN_INFINITE_RECURSION = YES;
				CLANG_WARN_INT_CONVERSION = YES;
				CLANG_WARN_OBJC_ROOT_CLASS = YES_ERROR;
				CLANG_WARN_SUSPICIOUS_MOVE = YES;
				CLANG_WARN_UNREACHABLE_CODE = YES;
				CLANG_WARN__DUPLICATE_METHOD_MATCH = YES;
				"CODE_SIGN_IDENTITY[sdk=iphoneos*]" = "iPhone Developer";
				COPY_PHASE_STRIP = NO;
				DEBUG_INFORMATION_FORMAT = dwarf;
				ENABLE_STRICT_OBJC_MSGSEND = YES;
				ENABLE_TESTABILITY = YES;
				GCC_C_LANGUAGE_STANDARD = gnu99;
				GCC_DYNAMIC_NO_PIC = NO;
				GCC_NO_COMMON_BLOCKS = YES;
				GCC_OPTIMIZATION_LEVEL = 0;
				GCC_PREPROCESSOR_DEFINITIONS = (
					"DEBUG=1",
					"$(inherited)",
				);
				GCC_WARN_64_TO_32_BIT_CONVERSION = YES;
				GCC_WARN_ABOUT_RETURN_TYPE = YES_ERROR;
				GCC_WARN_UNDECLARED_SELECTOR = YES;
				GCC_WARN_UNINITIALIZED_AUTOS = YES_AGGRESSIVE;
				GCC_WARN_UNUSED_FUNCTION = YES;
				GCC_WARN_UNUSED_VARIABLE = YES;
				IPHONEOS_DEPLOYMENT_TARGET = 10.3;
				MTL_ENABLE_DEBUG_INFO = YES;
				ONLY_ACTIVE_ARCH = YES;
				SDKROOT = iphoneos;
				SWIFT_ACTIVE_COMPILATION_CONDITIONS = DEBUG;
				SWIFT_OPTIMIZATION_LEVEL = "-Onone";
				TARGETED_DEVICE_FAMILY = "1,2";
			};
			name = Debug;
		};
		200C54261F0A22CE006F0FC8 /* Release */ = {
			isa = XCBuildConfiguration;
			buildSettings = {
				ALWAYS_SEARCH_USER_PATHS = NO;
				CLANG_ANALYZER_NONNULL = YES;
				CLANG_ANALYZER_NUMBER_OBJECT_CONVERSION = YES_AGGRESSIVE;
				CLANG_CXX_LANGUAGE_STANDARD = "gnu++0x";
				CLANG_CXX_LIBRARY = "libc++";
				CLANG_ENABLE_MODULES = YES;
				CLANG_ENABLE_OBJC_ARC = YES;
				CLANG_WARN_BOOL_CONVERSION = YES;
				CLANG_WARN_CONSTANT_CONVERSION = YES;
				CLANG_WARN_DIRECT_OBJC_ISA_USAGE = YES_ERROR;
				CLANG_WARN_DOCUMENTATION_COMMENTS = YES;
				CLANG_WARN_EMPTY_BODY = YES;
				CLANG_WARN_ENUM_CONVERSION = YES;
				CLANG_WARN_INFINITE_RECURSION = YES;
				CLANG_WARN_INT_CONVERSION = YES;
				CLANG_WARN_OBJC_ROOT_CLASS = YES_ERROR;
				CLANG_WARN_SUSPICIOUS_MOVE = YES;
				CLANG_WARN_UNREACHABLE_CODE = YES;
				CLANG_WARN__DUPLICATE_METHOD_MATCH = YES;
				"CODE_SIGN_IDENTITY[sdk=iphoneos*]" = "iPhone Developer";
				COPY_PHASE_STRIP = NO;
				DEBUG_INFORMATION_FORMAT = "dwarf-with-dsym";
				ENABLE_NS_ASSERTIONS = NO;
				ENABLE_STRICT_OBJC_MSGSEND = YES;
				GCC_C_LANGUAGE_STANDARD = gnu99;
				GCC_NO_COMMON_BLOCKS = YES;
				GCC_WARN_64_TO_32_BIT_CONVERSION = YES;
				GCC_WARN_ABOUT_RETURN_TYPE = YES_ERROR;
				GCC_WARN_UNDECLARED_SELECTOR = YES;
				GCC_WARN_UNINITIALIZED_AUTOS = YES_AGGRESSIVE;
				GCC_WARN_UNUSED_FUNCTION = YES;
				GCC_WARN_UNUSED_VARIABLE = YES;
				IPHONEOS_DEPLOYMENT_TARGET = 10.3;
				MTL_ENABLE_DEBUG_INFO = NO;
				SDKROOT = iphoneos;
				SWIFT_OPTIMIZATION_LEVEL = "-Owholemodule";
				TARGETED_DEVICE_FAMILY = "1,2";
				VALIDATE_PRODUCT = YES;
			};
			name = Release;
		};
		200C54281F0A22CE006F0FC8 /* Debug */ = {
			isa = XCBuildConfiguration;
			baseConfigurationReference = BB4D69CEF66420F35B009B42 /* Pods-LoveTravel.debug.xcconfig */;
			buildSettings = {
				ASSETCATALOG_COMPILER_APPICON_NAME = AppIcon;
				INFOPLIST_FILE = LoveTravel/Info.plist;
				LD_RUNPATH_SEARCH_PATHS = "$(inherited) @executable_path/Frameworks";
				PRODUCT_BUNDLE_IDENTIFIER = "com.Alex-Yang.LoveTravel";
				PRODUCT_NAME = "$(TARGET_NAME)";
				SWIFT_VERSION = 3.0;
			};
			name = Debug;
		};
		200C54291F0A22CE006F0FC8 /* Release */ = {
			isa = XCBuildConfiguration;
			baseConfigurationReference = 0CA0BA52B39C8DE3996D0B70 /* Pods-LoveTravel.release.xcconfig */;
			buildSettings = {
				ASSETCATALOG_COMPILER_APPICON_NAME = AppIcon;
				INFOPLIST_FILE = LoveTravel/Info.plist;
				LD_RUNPATH_SEARCH_PATHS = "$(inherited) @executable_path/Frameworks";
				PRODUCT_BUNDLE_IDENTIFIER = "com.Alex-Yang.LoveTravel";
				PRODUCT_NAME = "$(TARGET_NAME)";
				SWIFT_VERSION = 3.0;
			};
			name = Release;
		};
/* End XCBuildConfiguration section */

/* Begin XCConfigurationList section */
		200C540D1F0A22CE006F0FC8 /* Build configuration list for PBXProject "LoveTravel" */ = {
			isa = XCConfigurationList;
			buildConfigurations = (
				200C54251F0A22CE006F0FC8 /* Debug */,
				200C54261F0A22CE006F0FC8 /* Release */,
			);
			defaultConfigurationIsVisible = 0;
			defaultConfigurationName = Release;
		};
		200C54271F0A22CE006F0FC8 /* Build configuration list for PBXNativeTarget "LoveTravel" */ = {
			isa = XCConfigurationList;
			buildConfigurations = (
				200C54281F0A22CE006F0FC8 /* Debug */,
				200C54291F0A22CE006F0FC8 /* Release */,
			);
			defaultConfigurationIsVisible = 0;
		};
/* End XCConfigurationList section */

/* Begin XCVersionGroup section */
		200C541C1F0A22CE006F0FC8 /* LoveTravel.xcdatamodeld */ = {
			isa = XCVersionGroup;
			children = (
				200C541D1F0A22CE006F0FC8 /* LoveTravel.xcdatamodel */,
			);
			currentVersion = 200C541D1F0A22CE006F0FC8 /* LoveTravel.xcdatamodel */;
			path = LoveTravel.xcdatamodeld;
			sourceTree = "<group>";
			versionGroupType = wrapper.xcdatamodel;
		};
/* End XCVersionGroup section */
	};
	rootObject = 200C540A1F0A22CE006F0FC8 /* Project object */;
}
